
Microsoft Visual Studio Solution File, Format Version 12.00
# Visual Studio Version 16
VisualStudioVersion = 16.0.30711.63
MinimumVisualStudioVersion = 10.0.40219.1
Project("{FAE04EC0-301F-11D3-BF4B-00C04F79EFBC}") = "API", "API\API.csproj", "{0D01AF55-8ACF-4DA8-B79E-BA92DFEC746D}"
EndProject
Global
	GlobalSection(SolutionConfigurationPlatforms) = preSolution
		Debug|Any CPU = Debug|Any CPU
		Release|Any CPU = Release|Any CPU
	EndGlobalSection
	GlobalSection(ProjectConfigurationPlatforms) = postSolution
		{0D01AF55-8ACF-4DA8-B79E-BA92DFEC746D}.Debug|Any CPU.ActiveCfg = Debug|Any CPU
		{0D01AF55-8ACF-4DA8-B79E-BA92DFEC746D}.Debug|Any CPU.Build.0 = Debug|Any CPU
		{0D01AF55-8ACF-4DA8-B79E-BA92DFEC746D}.Release|Any CPU.ActiveCfg = Release|Any CPU
		{0D01AF55-8ACF-4DA8-B79E-BA92DFEC746D}.Release|Any CPU.Build.0 = Release|Any CPU
	EndGlobalSection
	GlobalSection(SolutionProperties) = preSolution
		HideSolutionNode = FALSE
	EndGlobalSection
	GlobalSection(ExtensibilityGlobals) = postSolution
		SolutionGuid = {7E39F920-013C-4706-A957-3FB2E8C62BA6}
	EndGlobalSection
EndGlobal
